
Microsoft Visual Studio Solution File, Format Version 10.00
# Visual Studio 2008
Project("{FAE04EC0-301F-11D3-BF4B-00C04F79EFBC}") = "NetworkBackgammon", "NetworkBackgammon\NetworkBackgammon.csproj", "{9832AE8E-C998-46F4-B19A-04123E57F315}"
EndProject
Project("{2150E333-8FDC-42A3-9474-1A3956D46DE8}") = "Solution Items", "Solution Items", "{86A85C17-D8B8-413D-BF0B-B6C76ED5A4E1}"
EndProject
Project("{FAE04EC0-301F-11D3-BF4B-00C04F79EFBC}") = "NetworkBackgammonGameLogic", "NetworkBackgammonGameLogic\NetworkBackgammonGameLogic.csproj", "{9C2CACC4-FB79-4E06-8643-75580669B6BD}"
EndProject
Project("{FAE04EC0-301F-11D3-BF4B-00C04F79EFBC}") = "NetworkBackgammonGameLogicUnitTest", "NetworkBackgammonGameLogicUnitTest\NetworkBackgammonGameLogicUnitTest.csproj", "{CC9D0D0B-EBDF-41DF-BEF3-EF09CDCC7DA5}"
EndProject
Global
	GlobalSection(SolutionConfigurationPlatforms) = preSolution
		Debug|Any CPU = Debug|Any CPU
		Release|Any CPU = Release|Any CPU
	EndGlobalSection
	GlobalSection(ProjectConfigurationPlatforms) = postSolution
		{9832AE8E-C998-46F4-B19A-04123E57F315}.Debug|Any CPU.ActiveCfg = Debug|Any CPU
		{9832AE8E-C998-46F4-B19A-04123E57F315}.Debug|Any CPU.Build.0 = Debug|Any CPU
		{9832AE8E-C998-46F4-B19A-04123E57F315}.Release|Any CPU.ActiveCfg = Release|Any CPU
		{9832AE8E-C998-46F4-B19A-04123E57F315}.Release|Any CPU.Build.0 = Release|Any CPU
		{9C2CACC4-FB79-4E06-8643-75580669B6BD}.Debug|Any CPU.ActiveCfg = Debug|Any CPU
		{9C2CACC4-FB79-4E06-8643-75580669B6BD}.Debug|Any CPU.Build.0 = Debug|Any CPU
		{9C2CACC4-FB79-4E06-8643-75580669B6BD}.Release|Any CPU.ActiveCfg = Release|Any CPU
		{9C2CACC4-FB79-4E06-8643-75580669B6BD}.Release|Any CPU.Build.0 = Release|Any CPU
		{CC9D0D0B-EBDF-41DF-BEF3-EF09CDCC7DA5}.Debug|Any CPU.ActiveCfg = Debug|Any CPU
		{CC9D0D0B-EBDF-41DF-BEF3-EF09CDCC7DA5}.Debug|Any CPU.Build.0 = Debug|Any CPU
		{CC9D0D0B-EBDF-41DF-BEF3-EF09CDCC7DA5}.Release|Any CPU.ActiveCfg = Release|Any CPU
		{CC9D0D0B-EBDF-41DF-BEF3-EF09CDCC7DA5}.Release|Any CPU.Build.0 = Release|Any CPU
	EndGlobalSection
	GlobalSection(SolutionProperties) = preSolution
		HideSolutionNode = FALSE
	EndGlobalSection
EndGlobal
