
Microsoft Visual Studio Solution File, Format Version 10.00
# Visual Studio 2008
Project("{FAE04EC0-301F-11D3-BF4B-00C04F79EFBC}") = "NetworkBackgammonGameLogic", "NetworkBackgammonGameLogic\NetworkBackgammonGameLogic.csproj", "{9C2CACC4-FB79-4E06-8643-75580669B6BD}"
EndProject
Project("{FAE04EC0-301F-11D3-BF4B-00C04F79EFBC}") = "NetworkBackgammonGameLogicUnitTest", "NetworkBackgammonGameLogicUnitTest\NetworkBackgammonGameLogicUnitTest.csproj", "{CC9D0D0B-EBDF-41DF-BEF3-EF09CDCC7DA5}"
EndProject
Project("{FAE04EC0-301F-11D3-BF4B-00C04F79EFBC}") = "RemotingBiDirectionalSpike", "RemotingBiDirectionalSpike\RemotingBiDirectionalSpike.csproj", "{97DDCB0F-23F9-4496-94C2-5F740159D900}"
EndProject
Project("{2150E333-8FDC-42A3-9474-1A3956D46DE8}") = "Spike Projects", "Spike Projects", "{36035814-3C1B-4767-8DBA-A17B73340C0C}"
EndProject
Project("{2150E333-8FDC-42A3-9474-1A3956D46DE8}") = "Unit Tests", "Unit Tests", "{F2F04DD8-E585-4217-9F31-48D4CE8E8FAD}"
EndProject
Project("{FAE04EC0-301F-11D3-BF4B-00C04F79EFBC}") = "NetworkBackgammonLib", "NetworkBackgammonLib\NetworkBackgammonLib.csproj", "{D43DCC49-2262-47CD-8355-A215BEC431BA}"
EndProject
Project("{FAE04EC0-301F-11D3-BF4B-00C04F79EFBC}") = "NetworkBackgammonRemotingLib", "NetworkBackgammonRemotingLib\NetworkBackgammonRemotingLib.csproj", "{CFA9371F-0F61-4D4D-82A0-09AC32BD3566}"
EndProject
Project("{FAE04EC0-301F-11D3-BF4B-00C04F79EFBC}") = "NetworkBackgammonApp", "NetworkBackgammonApp\NetworkBackgammonApp.csproj", "{9832AE8E-C998-46F4-B19A-04123E57F315}"
EndProject
Project("{FAE04EC0-301F-11D3-BF4B-00C04F79EFBC}") = "NetworkBackgammonServerApp", "NetworkBackgammonServerApp\NetworkBackgammonServerApp.csproj", "{319155EF-381E-4A58-9582-B632656B1D5B}"
EndProject
Project("{FAE04EC0-301F-11D3-BF4B-00C04F79EFBC}") = "TestPlayerList", "TestPlayerList\TestPlayerList.csproj", "{D09427FA-FEAE-499E-BCEB-A8C4B45A67CC}"
EndProject
Project("{2150E333-8FDC-42A3-9474-1A3956D46DE8}") = "Solution Items", "Solution Items", "{DB1C53A3-0D9F-405B-8455-21BC8FBAB6A5}"
EndProject
Project("{FAE04EC0-301F-11D3-BF4B-00C04F79EFBC}") = "NetworkBackgammonGameLogicUnitTester", "NetworkBackgammonGameLogicUnitTester\NetworkBackgammonGameLogicUnitTester.csproj", "{48987DD3-A1F3-4055-A905-72B79CCC4AEC}"
EndProject
Project("{FAE04EC0-301F-11D3-BF4B-00C04F79EFBC}") = "NetworkBackgammonNotificationTest", "NetworkBackgammonNotificationTest\NetworkBackgammonNotificationTest.csproj", "{080B12A3-FBF7-41E7-ABFC-01D2B9128D78}"
EndProject
Project("{FAE04EC0-301F-11D3-BF4B-00C04F79EFBC}") = "MultipleChannelsSpike", "MultipleChannelsSpike\MultipleChannelsSpike.csproj", "{8739AD2E-DABB-4870-A37C-93750F2DD3D7}"
EndProject
Global
	GlobalSection(TestCaseManagementSettings) = postSolution
		CategoryFile = NetworkBackgammon.vsmdi
	EndGlobalSection
	GlobalSection(SolutionConfigurationPlatforms) = preSolution
		Debug|Any CPU = Debug|Any CPU
		Debug|Mixed Platforms = Debug|Mixed Platforms
		Debug|Win32 = Debug|Win32
		Release|Any CPU = Release|Any CPU
		Release|Mixed Platforms = Release|Mixed Platforms
		Release|Win32 = Release|Win32
	EndGlobalSection
	GlobalSection(ProjectConfigurationPlatforms) = postSolution
		{9C2CACC4-FB79-4E06-8643-75580669B6BD}.Debug|Any CPU.ActiveCfg = Debug|Any CPU
		{9C2CACC4-FB79-4E06-8643-75580669B6BD}.Debug|Any CPU.Build.0 = Debug|Any CPU
		{9C2CACC4-FB79-4E06-8643-75580669B6BD}.Debug|Mixed Platforms.ActiveCfg = Debug|Any CPU
		{9C2CACC4-FB79-4E06-8643-75580669B6BD}.Debug|Mixed Platforms.Build.0 = Debug|Any CPU
		{9C2CACC4-FB79-4E06-8643-75580669B6BD}.Debug|Win32.ActiveCfg = Debug|Any CPU
		{9C2CACC4-FB79-4E06-8643-75580669B6BD}.Release|Any CPU.ActiveCfg = Release|Any CPU
		{9C2CACC4-FB79-4E06-8643-75580669B6BD}.Release|Any CPU.Build.0 = Release|Any CPU
		{9C2CACC4-FB79-4E06-8643-75580669B6BD}.Release|Mixed Platforms.ActiveCfg = Release|Any CPU
		{9C2CACC4-FB79-4E06-8643-75580669B6BD}.Release|Mixed Platforms.Build.0 = Release|Any CPU
		{9C2CACC4-FB79-4E06-8643-75580669B6BD}.Release|Win32.ActiveCfg = Release|Any CPU
		{CC9D0D0B-EBDF-41DF-BEF3-EF09CDCC7DA5}.Debug|Any CPU.ActiveCfg = Debug|Any CPU
		{CC9D0D0B-EBDF-41DF-BEF3-EF09CDCC7DA5}.Debug|Any CPU.Build.0 = Debug|Any CPU
		{CC9D0D0B-EBDF-41DF-BEF3-EF09CDCC7DA5}.Debug|Mixed Platforms.ActiveCfg = Debug|Any CPU
		{CC9D0D0B-EBDF-41DF-BEF3-EF09CDCC7DA5}.Debug|Win32.ActiveCfg = Debug|Any CPU
		{CC9D0D0B-EBDF-41DF-BEF3-EF09CDCC7DA5}.Release|Any CPU.ActiveCfg = Release|Any CPU
		{CC9D0D0B-EBDF-41DF-BEF3-EF09CDCC7DA5}.Release|Any CPU.Build.0 = Release|Any CPU
		{CC9D0D0B-EBDF-41DF-BEF3-EF09CDCC7DA5}.Release|Mixed Platforms.ActiveCfg = Release|Any CPU
		{CC9D0D0B-EBDF-41DF-BEF3-EF09CDCC7DA5}.Release|Win32.ActiveCfg = Release|Any CPU
		{97DDCB0F-23F9-4496-94C2-5F740159D900}.Debug|Any CPU.ActiveCfg = Debug|Any CPU
		{97DDCB0F-23F9-4496-94C2-5F740159D900}.Debug|Any CPU.Build.0 = Debug|Any CPU
		{97DDCB0F-23F9-4496-94C2-5F740159D900}.Debug|Mixed Platforms.ActiveCfg = Debug|Any CPU
		{97DDCB0F-23F9-4496-94C2-5F740159D900}.Debug|Win32.ActiveCfg = Debug|Any CPU
		{97DDCB0F-23F9-4496-94C2-5F740159D900}.Release|Any CPU.ActiveCfg = Release|Any CPU
		{97DDCB0F-23F9-4496-94C2-5F740159D900}.Release|Any CPU.Build.0 = Release|Any CPU
		{97DDCB0F-23F9-4496-94C2-5F740159D900}.Release|Mixed Platforms.ActiveCfg = Release|Any CPU
		{97DDCB0F-23F9-4496-94C2-5F740159D900}.Release|Win32.ActiveCfg = Release|Any CPU
		{D43DCC49-2262-47CD-8355-A215BEC431BA}.Debug|Any CPU.ActiveCfg = Debug|Any CPU
		{D43DCC49-2262-47CD-8355-A215BEC431BA}.Debug|Any CPU.Build.0 = Debug|Any CPU
		{D43DCC49-2262-47CD-8355-A215BEC431BA}.Debug|Mixed Platforms.ActiveCfg = Debug|Any CPU
		{D43DCC49-2262-47CD-8355-A215BEC431BA}.Debug|Mixed Platforms.Build.0 = Debug|Any CPU
		{D43DCC49-2262-47CD-8355-A215BEC431BA}.Debug|Win32.ActiveCfg = Debug|Any CPU
		{D43DCC49-2262-47CD-8355-A215BEC431BA}.Release|Any CPU.ActiveCfg = Release|Any CPU
		{D43DCC49-2262-47CD-8355-A215BEC431BA}.Release|Any CPU.Build.0 = Release|Any CPU
		{D43DCC49-2262-47CD-8355-A215BEC431BA}.Release|Mixed Platforms.ActiveCfg = Release|Any CPU
		{D43DCC49-2262-47CD-8355-A215BEC431BA}.Release|Mixed Platforms.Build.0 = Release|Any CPU
		{D43DCC49-2262-47CD-8355-A215BEC431BA}.Release|Win32.ActiveCfg = Release|Any CPU
		{CFA9371F-0F61-4D4D-82A0-09AC32BD3566}.Debug|Any CPU.ActiveCfg = Debug|Any CPU
		{CFA9371F-0F61-4D4D-82A0-09AC32BD3566}.Debug|Any CPU.Build.0 = Debug|Any CPU
		{CFA9371F-0F61-4D4D-82A0-09AC32BD3566}.Debug|Mixed Platforms.ActiveCfg = Debug|Any CPU
		{CFA9371F-0F61-4D4D-82A0-09AC32BD3566}.Debug|Mixed Platforms.Build.0 = Debug|Any CPU
		{CFA9371F-0F61-4D4D-82A0-09AC32BD3566}.Debug|Win32.ActiveCfg = Debug|Any CPU
		{CFA9371F-0F61-4D4D-82A0-09AC32BD3566}.Release|Any CPU.ActiveCfg = Release|Any CPU
		{CFA9371F-0F61-4D4D-82A0-09AC32BD3566}.Release|Any CPU.Build.0 = Release|Any CPU
		{CFA9371F-0F61-4D4D-82A0-09AC32BD3566}.Release|Mixed Platforms.ActiveCfg = Release|Any CPU
		{CFA9371F-0F61-4D4D-82A0-09AC32BD3566}.Release|Mixed Platforms.Build.0 = Release|Any CPU
		{CFA9371F-0F61-4D4D-82A0-09AC32BD3566}.Release|Win32.ActiveCfg = Release|Any CPU
		{9832AE8E-C998-46F4-B19A-04123E57F315}.Debug|Any CPU.ActiveCfg = Debug|Any CPU
		{9832AE8E-C998-46F4-B19A-04123E57F315}.Debug|Any CPU.Build.0 = Debug|Any CPU
		{9832AE8E-C998-46F4-B19A-04123E57F315}.Debug|Mixed Platforms.ActiveCfg = Debug|Any CPU
		{9832AE8E-C998-46F4-B19A-04123E57F315}.Debug|Mixed Platforms.Build.0 = Debug|Any CPU
		{9832AE8E-C998-46F4-B19A-04123E57F315}.Debug|Win32.ActiveCfg = Debug|Any CPU
		{9832AE8E-C998-46F4-B19A-04123E57F315}.Release|Any CPU.ActiveCfg = Release|Any CPU
		{9832AE8E-C998-46F4-B19A-04123E57F315}.Release|Any CPU.Build.0 = Release|Any CPU
		{9832AE8E-C998-46F4-B19A-04123E57F315}.Release|Mixed Platforms.ActiveCfg = Release|Any CPU
		{9832AE8E-C998-46F4-B19A-04123E57F315}.Release|Mixed Platforms.Build.0 = Release|Any CPU
		{9832AE8E-C998-46F4-B19A-04123E57F315}.Release|Win32.ActiveCfg = Release|Any CPU
		{319155EF-381E-4A58-9582-B632656B1D5B}.Debug|Any CPU.ActiveCfg = Debug|Any CPU
		{319155EF-381E-4A58-9582-B632656B1D5B}.Debug|Any CPU.Build.0 = Debug|Any CPU
		{319155EF-381E-4A58-9582-B632656B1D5B}.Debug|Mixed Platforms.ActiveCfg = Debug|Any CPU
		{319155EF-381E-4A58-9582-B632656B1D5B}.Debug|Mixed Platforms.Build.0 = Debug|Any CPU
		{319155EF-381E-4A58-9582-B632656B1D5B}.Debug|Win32.ActiveCfg = Debug|Any CPU
		{319155EF-381E-4A58-9582-B632656B1D5B}.Release|Any CPU.ActiveCfg = Release|Any CPU
		{319155EF-381E-4A58-9582-B632656B1D5B}.Release|Any CPU.Build.0 = Release|Any CPU
		{319155EF-381E-4A58-9582-B632656B1D5B}.Release|Mixed Platforms.ActiveCfg = Release|Any CPU
		{319155EF-381E-4A58-9582-B632656B1D5B}.Release|Mixed Platforms.Build.0 = Release|Any CPU
		{319155EF-381E-4A58-9582-B632656B1D5B}.Release|Win32.ActiveCfg = Release|Any CPU
		{D09427FA-FEAE-499E-BCEB-A8C4B45A67CC}.Debug|Any CPU.ActiveCfg = Debug|Any CPU
		{D09427FA-FEAE-499E-BCEB-A8C4B45A67CC}.Debug|Any CPU.Build.0 = Debug|Any CPU
		{D09427FA-FEAE-499E-BCEB-A8C4B45A67CC}.Debug|Mixed Platforms.ActiveCfg = Debug|Any CPU
		{D09427FA-FEAE-499E-BCEB-A8C4B45A67CC}.Debug|Mixed Platforms.Build.0 = Debug|Any CPU
		{D09427FA-FEAE-499E-BCEB-A8C4B45A67CC}.Debug|Win32.ActiveCfg = Debug|Any CPU
		{D09427FA-FEAE-499E-BCEB-A8C4B45A67CC}.Release|Any CPU.ActiveCfg = Release|Any CPU
		{D09427FA-FEAE-499E-BCEB-A8C4B45A67CC}.Release|Any CPU.Build.0 = Release|Any CPU
		{D09427FA-FEAE-499E-BCEB-A8C4B45A67CC}.Release|Mixed Platforms.ActiveCfg = Release|Any CPU
		{D09427FA-FEAE-499E-BCEB-A8C4B45A67CC}.Release|Mixed Platforms.Build.0 = Release|Any CPU
		{D09427FA-FEAE-499E-BCEB-A8C4B45A67CC}.Release|Win32.ActiveCfg = Release|Any CPU
		{48987DD3-A1F3-4055-A905-72B79CCC4AEC}.Debug|Any CPU.ActiveCfg = Debug|Any CPU
		{48987DD3-A1F3-4055-A905-72B79CCC4AEC}.Debug|Any CPU.Build.0 = Debug|Any CPU
		{48987DD3-A1F3-4055-A905-72B79CCC4AEC}.Debug|Mixed Platforms.ActiveCfg = Debug|Any CPU
		{48987DD3-A1F3-4055-A905-72B79CCC4AEC}.Debug|Win32.ActiveCfg = Debug|Any CPU
		{48987DD3-A1F3-4055-A905-72B79CCC4AEC}.Release|Any CPU.ActiveCfg = Release|Any CPU
		{48987DD3-A1F3-4055-A905-72B79CCC4AEC}.Release|Any CPU.Build.0 = Release|Any CPU
		{48987DD3-A1F3-4055-A905-72B79CCC4AEC}.Release|Mixed Platforms.ActiveCfg = Release|Any CPU
		{48987DD3-A1F3-4055-A905-72B79CCC4AEC}.Release|Win32.ActiveCfg = Release|Any CPU
		{080B12A3-FBF7-41E7-ABFC-01D2B9128D78}.Debug|Any CPU.ActiveCfg = Debug|Any CPU
		{080B12A3-FBF7-41E7-ABFC-01D2B9128D78}.Debug|Any CPU.Build.0 = Debug|Any CPU
		{080B12A3-FBF7-41E7-ABFC-01D2B9128D78}.Debug|Mixed Platforms.ActiveCfg = Debug|Any CPU
		{080B12A3-FBF7-41E7-ABFC-01D2B9128D78}.Debug|Mixed Platforms.Build.0 = Debug|Any CPU
		{080B12A3-FBF7-41E7-ABFC-01D2B9128D78}.Debug|Win32.ActiveCfg = Debug|Any CPU
		{080B12A3-FBF7-41E7-ABFC-01D2B9128D78}.Release|Any CPU.ActiveCfg = Release|Any CPU
		{080B12A3-FBF7-41E7-ABFC-01D2B9128D78}.Release|Any CPU.Build.0 = Release|Any CPU
		{080B12A3-FBF7-41E7-ABFC-01D2B9128D78}.Release|Mixed Platforms.ActiveCfg = Release|Any CPU
		{080B12A3-FBF7-41E7-ABFC-01D2B9128D78}.Release|Mixed Platforms.Build.0 = Release|Any CPU
		{080B12A3-FBF7-41E7-ABFC-01D2B9128D78}.Release|Win32.ActiveCfg = Release|Any CPU
		{8739AD2E-DABB-4870-A37C-93750F2DD3D7}.Debug|Any CPU.ActiveCfg = Debug|Any CPU
		{8739AD2E-DABB-4870-A37C-93750F2DD3D7}.Debug|Any CPU.Build.0 = Debug|Any CPU
		{8739AD2E-DABB-4870-A37C-93750F2DD3D7}.Debug|Mixed Platforms.ActiveCfg = Debug|Any CPU
		{8739AD2E-DABB-4870-A37C-93750F2DD3D7}.Debug|Mixed Platforms.Build.0 = Debug|Any CPU
		{8739AD2E-DABB-4870-A37C-93750F2DD3D7}.Debug|Win32.ActiveCfg = Debug|Any CPU
		{8739AD2E-DABB-4870-A37C-93750F2DD3D7}.Release|Any CPU.ActiveCfg = Release|Any CPU
		{8739AD2E-DABB-4870-A37C-93750F2DD3D7}.Release|Any CPU.Build.0 = Release|Any CPU
		{8739AD2E-DABB-4870-A37C-93750F2DD3D7}.Release|Mixed Platforms.ActiveCfg = Release|Any CPU
		{8739AD2E-DABB-4870-A37C-93750F2DD3D7}.Release|Mixed Platforms.Build.0 = Release|Any CPU
		{8739AD2E-DABB-4870-A37C-93750F2DD3D7}.Release|Win32.ActiveCfg = Release|Any CPU
	EndGlobalSection
	GlobalSection(SolutionProperties) = preSolution
		HideSolutionNode = FALSE
	EndGlobalSection
	GlobalSection(NestedProjects) = preSolution
		{36035814-3C1B-4767-8DBA-A17B73340C0C} = {F2F04DD8-E585-4217-9F31-48D4CE8E8FAD}
		{CC9D0D0B-EBDF-41DF-BEF3-EF09CDCC7DA5} = {F2F04DD8-E585-4217-9F31-48D4CE8E8FAD}
		{D09427FA-FEAE-499E-BCEB-A8C4B45A67CC} = {F2F04DD8-E585-4217-9F31-48D4CE8E8FAD}
		{DB1C53A3-0D9F-405B-8455-21BC8FBAB6A5} = {F2F04DD8-E585-4217-9F31-48D4CE8E8FAD}
		{48987DD3-A1F3-4055-A905-72B79CCC4AEC} = {F2F04DD8-E585-4217-9F31-48D4CE8E8FAD}
		{080B12A3-FBF7-41E7-ABFC-01D2B9128D78} = {F2F04DD8-E585-4217-9F31-48D4CE8E8FAD}
		{97DDCB0F-23F9-4496-94C2-5F740159D900} = {36035814-3C1B-4767-8DBA-A17B73340C0C}
		{8739AD2E-DABB-4870-A37C-93750F2DD3D7} = {36035814-3C1B-4767-8DBA-A17B73340C0C}
	EndGlobalSection
EndGlobal
